// !$*UTF8*$!
{
	archiveVersion = 1;
	classes = {
	};
	objectVersion = 56;
	objects = {

/* Begin PBXBuildFile section */
		9D0FAF1C29AF3D6300B16381 /* AppDelegate.swift in Sources */ = {isa = PBXBuildFile; fileRef = 9D0FAF1B29AF3D6300B16381 /* AppDelegate.swift */; };
		9D0FAF1E29AF3D6300B16381 /* SceneDelegate.swift in Sources */ = {isa = PBXBuildFile; fileRef = 9D0FAF1D29AF3D6300B16381 /* SceneDelegate.swift */; };
		9D0FAF2029AF3D6300B16381 /* ViewController.swift in Sources */ = {isa = PBXBuildFile; fileRef = 9D0FAF1F29AF3D6300B16381 /* ViewController.swift */; };
		9D0FAF2329AF3D6300B16381 /* Main.storyboard in Resources */ = {isa = PBXBuildFile; fileRef = 9D0FAF2129AF3D6300B16381 /* Main.storyboard */; };
		9D0FAF2529AF3D6600B16381 /* Assets.xcassets in Resources */ = {isa = PBXBuildFile; fileRef = 9D0FAF2429AF3D6600B16381 /* Assets.xcassets */; };
		9D0FAF2829AF3D6600B16381 /* LaunchScreen.storyboard in Resources */ = {isa = PBXBuildFile; fileRef = 9D0FAF2629AF3D6600B16381 /* LaunchScreen.storyboard */; };
		9D0FAF3329AF3D6600B16381 /* FirebaseFormTests.swift in Sources */ = {isa = PBXBuildFile; fileRef = 9D0FAF3229AF3D6600B16381 /* FirebaseFormTests.swift */; };
		9D0FAF3D29AF3D6600B16381 /* FirebaseFormUITests.swift in Sources */ = {isa = PBXBuildFile; fileRef = 9D0FAF3C29AF3D6600B16381 /* FirebaseFormUITests.swift */; };
		9D0FAF3F29AF3D6600B16381 /* FirebaseFormUITestsLaunchTests.swift in Sources */ = {isa = PBXBuildFile; fileRef = 9D0FAF3E29AF3D6600B16381 /* FirebaseFormUITestsLaunchTests.swift */; };
		9D0FAF4C29AF448C00B16381 /* GoogleService-Info.plist in Resources */ = {isa = PBXBuildFile; fileRef = 9D0FAF4B29AF448C00B16381 /* GoogleService-Info.plist */; };
		9D0FAF4F29AF489600B16381 /* FirebaseFirestore in Frameworks */ = {isa = PBXBuildFile; productRef = 9D0FAF4E29AF489600B16381 /* FirebaseFirestore */; };
/* End PBXBuildFile section */

/* Begin PBXContainerItemProxy section */
		9D0FAF2F29AF3D6600B16381 /* PBXContainerItemProxy */ = {
			isa = PBXContainerItemProxy;
			containerPortal = 9D0FAF1029AF3D6300B16381 /* Project object */;
			proxyType = 1;
			remoteGlobalIDString = 9D0FAF1729AF3D6300B16381;
			remoteInfo = FirebaseForm;
		};
		9D0FAF3929AF3D6600B16381 /* PBXContainerItemProxy */ = {
			isa = PBXContainerItemProxy;
			containerPortal = 9D0FAF1029AF3D6300B16381 /* Project object */;
			proxyType = 1;
			remoteGlobalIDString = 9D0FAF1729AF3D6300B16381;
			remoteInfo = FirebaseForm;
		};
/* End PBXContainerItemProxy section */

/* Begin PBXFileReference section */
		9D0FAF1829AF3D6300B16381 /* FirebaseForm.app */ = {isa = PBXFileReference; explicitFileType = wrapper.application; includeInIndex = 0; path = FirebaseForm.app; sourceTree = BUILT_PRODUCTS_DIR; };
		9D0FAF1B29AF3D6300B16381 /* AppDelegate.swift */ = {isa = PBXFileReference; lastKnownFileType = sourcecode.swift; path = AppDelegate.swift; sourceTree = "<group>"; };
		9D0FAF1D29AF3D6300B16381 /* SceneDelegate.swift */ = {isa = PBXFileReference; lastKnownFileType = sourcecode.swift; path = SceneDelegate.swift; sourceTree = "<group>"; };
		9D0FAF1F29AF3D6300B16381 /* ViewController.swift */ = {isa = PBXFileReference; lastKnownFileType = sourcecode.swift; path = ViewController.swift; sourceTree = "<group>"; };
		9D0FAF2229AF3D6300B16381 /* Base */ = {isa = PBXFileReference; lastKnownFileType = file.storyboard; name = Base; path = Base.lproj/Main.storyboard; sourceTree = "<group>"; };
		9D0FAF2429AF3D6600B16381 /* Assets.xcassets */ = {isa = PBXFileReference; lastKnownFileType = folder.assetcatalog; path = Assets.xcassets; sourceTree = "<group>"; };
		9D0FAF2729AF3D6600B16381 /* Base */ = {isa = PBXFileReference; lastKnownFileType = file.storyboard; name = Base; path = Base.lproj/LaunchScreen.storyboard; sourceTree = "<group>"; };
		9D0FAF2929AF3D6600B16381 /* Info.plist */ = {isa = PBXFileReference; lastKnownFileType = text.plist.xml; path = Info.plist; sourceTree = "<group>"; };
		9D0FAF2E29AF3D6600B16381 /* FirebaseFormTests.xctest */ = {isa = PBXFileReference; explicitFileType = wrapper.cfbundle; includeInIndex = 0; path = FirebaseFormTests.xctest; sourceTree = BUILT_PRODUCTS_DIR; };
		9D0FAF3229AF3D6600B16381 /* FirebaseFormTests.swift */ = {isa = PBXFileReference; lastKnownFileType = sourcecode.swift; path = FirebaseFormTests.swift; sourceTree = "<group>"; };
		9D0FAF3829AF3D6600B16381 /* FirebaseFormUITests.xctest */ = {isa = PBXFileReference; explicitFileType = wrapper.cfbundle; includeInIndex = 0; path = FirebaseFormUITests.xctest; sourceTree = BUILT_PRODUCTS_DIR; };
		9D0FAF3C29AF3D6600B16381 /* FirebaseFormUITests.swift */ = {isa = PBXFileReference; lastKnownFileType = sourcecode.swift; path = FirebaseFormUITests.swift; sourceTree = "<group>"; };
		9D0FAF3E29AF3D6600B16381 /* FirebaseFormUITestsLaunchTests.swift */ = {isa = PBXFileReference; lastKnownFileType = sourcecode.swift; path = FirebaseFormUITestsLaunchTests.swift; sourceTree = "<group>"; };
		9D0FAF4B29AF448C00B16381 /* GoogleService-Info.plist */ = {isa = PBXFileReference; fileEncoding = 4; lastKnownFileType = text.plist.xml; path = "GoogleService-Info.plist"; sourceTree = "<group>"; };
/* End PBXFileReference section */

/* Begin PBXFrameworksBuildPhase section */
		9D0FAF1529AF3D6300B16381 /* Frameworks */ = {
			isa = PBXFrameworksBuildPhase;
			buildActionMask = 2147483647;
			files = (
				9D0FAF4F29AF489600B16381 /* FirebaseFirestore in Frameworks */,
			);
			runOnlyForDeploymentPostprocessing = 0;
		};
		9D0FAF2B29AF3D6600B16381 /* Frameworks */ = {
			isa = PBXFrameworksBuildPhase;
			buildActionMask = 2147483647;
			files = (
			);
			runOnlyForDeploymentPostprocessing = 0;
		};
		9D0FAF3529AF3D6600B16381 /* Frameworks */ = {
			isa = PBXFrameworksBuildPhase;
			buildActionMask = 2147483647;
			files = (
			);
			runOnlyForDeploymentPostprocessing = 0;
		};
/* End PBXFrameworksBuildPhase section */

/* Begin PBXGroup section */
		9D0FAF0F29AF3D6300B16381 = {
			isa = PBXGroup;
			children = (
				9D0FAF1A29AF3D6300B16381 /* FirebaseForm */,
				9D0FAF3129AF3D6600B16381 /* FirebaseFormTests */,
				9D0FAF3B29AF3D6600B16381 /* FirebaseFormUITests */,
				9D0FAF1929AF3D6300B16381 /* Products */,
			);
			sourceTree = "<group>";
		};
		9D0FAF1929AF3D6300B16381 /* Products */ = {
			isa = PBXGroup;
			children = (
				9D0FAF1829AF3D6300B16381 /* FirebaseForm.app */,
				9D0FAF2E29AF3D6600B16381 /* FirebaseFormTests.xctest */,
				9D0FAF3829AF3D6600B16381 /* FirebaseFormUITests.xctest */,
			);
			name = Products;
			sourceTree = "<group>";
		};
		9D0FAF1A29AF3D6300B16381 /* FirebaseForm */ = {
			isa = PBXGroup;
			children = (
				9D0FAF1B29AF3D6300B16381 /* AppDelegate.swift */,
				9D0FAF1D29AF3D6300B16381 /* SceneDelegate.swift */,
				9D0FAF1F29AF3D6300B16381 /* ViewController.swift */,
				9D0FAF2129AF3D6300B16381 /* Main.storyboard */,
				9D0FAF2429AF3D6600B16381 /* Assets.xcassets */,
				9D0FAF2629AF3D6600B16381 /* LaunchScreen.storyboard */,
				9D0FAF2929AF3D6600B16381 /* Info.plist */,
				9D0FAF4B29AF448C00B16381 /* GoogleService-Info.plist */,
			);
			path = FirebaseForm;
			sourceTree = "<group>";
		};
		9D0FAF3129AF3D6600B16381 /* FirebaseFormTests */ = {
			isa = PBXGroup;
			children = (
				9D0FAF3229AF3D6600B16381 /* FirebaseFormTests.swift */,
			);
			path = FirebaseFormTests;
			sourceTree = "<group>";
		};
		9D0FAF3B29AF3D6600B16381 /* FirebaseFormUITests */ = {
			isa = PBXGroup;
			children = (
				9D0FAF3C29AF3D6600B16381 /* FirebaseFormUITests.swift */,
				9D0FAF3E29AF3D6600B16381 /* FirebaseFormUITestsLaunchTests.swift */,
			);
			path = FirebaseFormUITests;
			sourceTree = "<group>";
		};
/* End PBXGroup section */

/* Begin PBXNativeTarget section */
		9D0FAF1729AF3D6300B16381 /* FirebaseForm */ = {
			isa = PBXNativeTarget;
			buildConfigurationList = 9D0FAF4229AF3D6600B16381 /* Build configuration list for PBXNativeTarget "FirebaseForm" */;
			buildPhases = (
				9D0FAF1429AF3D6300B16381 /* Sources */,
				9D0FAF1529AF3D6300B16381 /* Frameworks */,
				9D0FAF1629AF3D6300B16381 /* Resources */,
			);
			buildRules = (
			);
			dependencies = (
			);
			name = FirebaseForm;
			packageProductDependencies = (
				9D0FAF4E29AF489600B16381 /* FirebaseFirestore */,
			);
			productName = FirebaseForm;
			productReference = 9D0FAF1829AF3D6300B16381 /* FirebaseForm.app */;
			productType = "com.apple.product-type.application";
		};
		9D0FAF2D29AF3D6600B16381 /* FirebaseFormTests */ = {
			isa = PBXNativeTarget;
			buildConfigurationList = 9D0FAF4529AF3D6600B16381 /* Build configuration list for PBXNativeTarget "FirebaseFormTests" */;
			buildPhases = (
				9D0FAF2A29AF3D6600B16381 /* Sources */,
				9D0FAF2B29AF3D6600B16381 /* Frameworks */,
				9D0FAF2C29AF3D6600B16381 /* Resources */,
			);
			buildRules = (
			);
			dependencies = (
				9D0FAF3029AF3D6600B16381 /* PBXTargetDependency */,
			);
			name = FirebaseFormTests;
			productName = FirebaseFormTests;
			productReference = 9D0FAF2E29AF3D6600B16381 /* FirebaseFormTests.xctest */;
			productType = "com.apple.product-type.bundle.unit-test";
		};
		9D0FAF3729AF3D6600B16381 /* FirebaseFormUITests */ = {
			isa = PBXNativeTarget;
			buildConfigurationList = 9D0FAF4829AF3D6600B16381 /* Build configuration list for PBXNativeTarget "FirebaseFormUITests" */;
			buildPhases = (
				9D0FAF3429AF3D6600B16381 /* Sources */,
				9D0FAF3529AF3D6600B16381 /* Frameworks */,
				9D0FAF3629AF3D6600B16381 /* Resources */,
			);
			buildRules = (
			);
			dependencies = (
				9D0FAF3A29AF3D6600B16381 /* PBXTargetDependency */,
			);
			name = FirebaseFormUITests;
			productName = FirebaseFormUITests;
			productReference = 9D0FAF3829AF3D6600B16381 /* FirebaseFormUITests.xctest */;
			productType = "com.apple.product-type.bundle.ui-testing";
		};
/* End PBXNativeTarget section */

/* Begin PBXProject section */
		9D0FAF1029AF3D6300B16381 /* Project object */ = {
			isa = PBXProject;
			attributes = {
				BuildIndependentTargetsInParallel = 1;
				LastSwiftUpdateCheck = 1420;
				LastUpgradeCheck = 1420;
				TargetAttributes = {
					9D0FAF1729AF3D6300B16381 = {
						CreatedOnToolsVersion = 14.2;
					};
					9D0FAF2D29AF3D6600B16381 = {
						CreatedOnToolsVersion = 14.2;
						TestTargetID = 9D0FAF1729AF3D6300B16381;
					};
					9D0FAF3729AF3D6600B16381 = {
						CreatedOnToolsVersion = 14.2;
						TestTargetID = 9D0FAF1729AF3D6300B16381;
					};
				};
			};
			buildConfigurationList = 9D0FAF1329AF3D6300B16381 /* Build configuration list for PBXProject "FirebaseForm" */;
			compatibilityVersion = "Xcode 14.0";
			developmentRegion = en;
			hasScannedForEncodings = 0;
			knownRegions = (
				en,
				Base,
			);
			mainGroup = 9D0FAF0F29AF3D6300B16381;
			packageReferences = (
				9D0FAF4D29AF489600B16381 /* XCRemoteSwiftPackageReference "firebase-ios-sdk" */,
			);
			productRefGroup = 9D0FAF1929AF3D6300B16381 /* Products */;
			projectDirPath = "";
			projectRoot = "";
			targets = (
				9D0FAF1729AF3D6300B16381 /* FirebaseForm */,
				9D0FAF2D29AF3D6600B16381 /* FirebaseFormTests */,
				9D0FAF3729AF3D6600B16381 /* FirebaseFormUITests */,
			);
		};
/* End PBXProject section */

/* Begin PBXResourcesBuildPhase section */
		9D0FAF1629AF3D6300B16381 /* Resources */ = {
			isa = PBXResourcesBuildPhase;
			buildActionMask = 2147483647;
			files = (
				9D0FAF2829AF3D6600B16381 /* LaunchScreen.storyboard in Resources */,
				9D0FAF2529AF3D6600B16381 /* Assets.xcassets in Resources */,
				9D0FAF2329AF3D6300B16381 /* Main.storyboard in Resources */,
			);
			runOnlyForDeploymentPostprocessing = 0;
		};
		9D0FAF2C29AF3D6600B16381 /* Resources */ = {
			isa = PBXResourcesBuildPhase;
			buildActionMask = 2147483647;
			files = (
			);
			runOnlyForDeploymentPostprocessing = 0;
		};
		9D0FAF3629AF3D6600B16381 /* Resources */ = {
			isa = PBXResourcesBuildPhase;
			buildActionMask = 2147483647;
			files = (
				9D0FAF4C29AF448C00B16381 /* GoogleService-Info.plist in Resources */,
			);
			runOnlyForDeploymentPostprocessing = 0;
		};
/* End PBXResourcesBuildPhase section */

/* Begin PBXSourcesBuildPhase section */
		9D0FAF1429AF3D6300B16381 /* Sources */ = {
			isa = PBXSourcesBuildPhase;
			buildActionMask = 2147483647;
			files = (
				9D0FAF2029AF3D6300B16381 /* ViewController.swift in Sources */,
				9D0FAF1C29AF3D6300B16381 /* AppDelegate.swift in Sources */,
				9D0FAF1E29AF3D6300B16381 /* SceneDelegate.swift in Sources */,
			);
			runOnlyForDeploymentPostprocessing = 0;
		};
		9D0FAF2A29AF3D6600B16381 /* Sources */ = {
			isa = PBXSourcesBuildPhase;
			buildActionMask = 2147483647;
			files = (
				9D0FAF3329AF3D6600B16381 /* FirebaseFormTests.swift in Sources */,
			);
			runOnlyForDeploymentPostprocessing = 0;
		};
		9D0FAF3429AF3D6600B16381 /* Sources */ = {
			isa = PBXSourcesBuildPhase;
			buildActionMask = 2147483647;
			files = (
				9D0FAF3D29AF3D6600B16381 /* FirebaseFormUITests.swift in Sources */,
				9D0FAF3F29AF3D6600B16381 /* FirebaseFormUITestsLaunchTests.swift in Sources */,
			);
			runOnlyForDeploymentPostprocessing = 0;
		};
/* End PBXSourcesBuildPhase section */

/* Begin PBXTargetDependency section */
		9D0FAF3029AF3D6600B16381 /* PBXTargetDependency */ = {
			isa = PBXTargetDependency;
			target = 9D0FAF1729AF3D6300B16381 /* FirebaseForm */;
			targetProxy = 9D0FAF2F29AF3D6600B16381 /* PBXContainerItemProxy */;
		};
		9D0FAF3A29AF3D6600B16381 /* PBXTargetDependency */ = {
			isa = PBXTargetDependency;
			target = 9D0FAF1729AF3D6300B16381 /* FirebaseForm */;
			targetProxy = 9D0FAF3929AF3D6600B16381 /* PBXContainerItemProxy */;
		};
/* End PBXTargetDependency section */

/* Begin PBXVariantGroup section */
		9D0FAF2129AF3D6300B16381 /* Main.storyboard */ = {
			isa = PBXVariantGroup;
			children = (
				9D0FAF2229AF3D6300B16381 /* Base */,
			);
			name = Main.storyboard;
			sourceTree = "<group>";
		};
		9D0FAF2629AF3D6600B16381 /* LaunchScreen.storyboard */ = {
			isa = PBXVariantGroup;
			children = (
				9D0FAF2729AF3D6600B16381 /* Base */,
			);
			name = LaunchScreen.storyboard;
			sourceTree = "<group>";
		};
/* End PBXVariantGroup section */

/* Begin XCBuildConfiguration section */
		9D0FAF4029AF3D6600B16381 /* Debug */ = {
			isa = XCBuildConfiguration;
			buildSettings = {
				ALWAYS_SEARCH_USER_PATHS = NO;
				CLANG_ANALYZER_NONNULL = YES;
				CLANG_ANALYZER_NUMBER_OBJECT_CONVERSION = YES_AGGRESSIVE;
				CLANG_CXX_LANGUAGE_STANDARD = "gnu++20";
				CLANG_ENABLE_MODULES = YES;
				CLANG_ENABLE_OBJC_ARC = YES;
				CLANG_ENABLE_OBJC_WEAK = YES;
				CLANG_WARN_BLOCK_CAPTURE_AUTORELEASING = YES;
				CLANG_WARN_BOOL_CONVERSION = YES;
				CLANG_WARN_COMMA = YES;
				CLANG_WARN_CONSTANT_CONVERSION = YES;
				CLANG_WARN_DEPRECATED_OBJC_IMPLEMENTATIONS = YES;
				CLANG_WARN_DIRECT_OBJC_ISA_USAGE = YES_ERROR;
				CLANG_WARN_DOCUMENTATION_COMMENTS = YES;
				CLANG_WARN_EMPTY_BODY = YES;
				CLANG_WARN_ENUM_CONVERSION = YES;
				CLANG_WARN_INFINITE_RECURSION = YES;
				CLANG_WARN_INT_CONVERSION = YES;
				CLANG_WARN_NON_LITERAL_NULL_CONVERSION = YES;
				CLANG_WARN_OBJC_IMPLICIT_RETAIN_SELF = YES;
				CLANG_WARN_OBJC_LITERAL_CONVERSION = YES;
				CLANG_WARN_OBJC_ROOT_CLASS = YES_ERROR;
				CLANG_WARN_QUOTED_INCLUDE_IN_FRAMEWORK_HEADER = YES;
				CLANG_WARN_RANGE_LOOP_ANALYSIS = YES;
				CLANG_WARN_STRICT_PROTOTYPES = YES;
				CLANG_WARN_SUSPICIOUS_MOVE = YES;
				CLANG_WARN_UNGUARDED_AVAILABILITY = YES_AGGRESSIVE;
				CLANG_WARN_UNREACHABLE_CODE = YES;
				CLANG_WARN__DUPLICATE_METHOD_MATCH = YES;
				COPY_PHASE_STRIP = NO;
				DEBUG_INFORMATION_FORMAT = dwarf;
				ENABLE_STRICT_OBJC_MSGSEND = YES;
				ENABLE_TESTABILITY = YES;
				GCC_C_LANGUAGE_STANDARD = gnu11;
				GCC_DYNAMIC_NO_PIC = NO;
				GCC_NO_COMMON_BLOCKS = YES;
				GCC_OPTIMIZATION_LEVEL = 0;
				GCC_PREPROCESSOR_DEFINITIONS = (
					"DEBUG=1",
					"$(inherited)",
				);
				GCC_WARN_64_TO_32_BIT_CONVERSION = YES;
				GCC_WARN_ABOUT_RETURN_TYPE = YES_ERROR;
				GCC_WARN_UNDECLARED_SELECTOR = YES;
				GCC_WARN_UNINITIALIZED_AUTOS = YES_AGGRESSIVE;
				GCC_WARN_UNUSED_FUNCTION = YES;
				GCC_WARN_UNUSED_VARIABLE = YES;
				IPHONEOS_DEPLOYMENT_TARGET = 16.2;
				MTL_ENABLE_DEBUG_INFO = INCLUDE_SOURCE;
				MTL_FAST_MATH = YES;
				ONLY_ACTIVE_ARCH = YES;
				SDKROOT = iphoneos;
				SWIFT_ACTIVE_COMPILATION_CONDITIONS = DEBUG;
				SWIFT_OPTIMIZATION_LEVEL = "-Onone";
			};
			name = Debug;
		};
		9D0FAF4129AF3D6600B16381 /* Release */ = {
			isa = XCBuildConfiguration;
			buildSettings = {
				ALWAYS_SEARCH_USER_PATHS = NO;
				CLANG_ANALYZER_NONNULL = YES;
				CLANG_ANALYZER_NUMBER_OBJECT_CONVERSION = YES_AGGRESSIVE;
				CLANG_CXX_LANGUAGE_STANDARD = "gnu++20";
				CLANG_ENABLE_MODULES = YES;
				CLANG_ENABLE_OBJC_ARC = YES;
				CLANG_ENABLE_OBJC_WEAK = YES;
				CLANG_WARN_BLOCK_CAPTURE_AUTORELEASING = YES;
				CLANG_WARN_BOOL_CONVERSION = YES;
				CLANG_WARN_COMMA = YES;
				CLANG_WARN_CONSTANT_CONVERSION = YES;
				CLANG_WARN_DEPRECATED_OBJC_IMPLEMENTATIONS = YES;
				CLANG_WARN_DIRECT_OBJC_ISA_USAGE = YES_ERROR;
				CLANG_WARN_DOCUMENTATION_COMMENTS = YES;
				CLANG_WARN_EMPTY_BODY = YES;
				CLANG_WARN_ENUM_CONVERSION = YES;
				CLANG_WARN_INFINITE_RECURSION = YES;
				CLANG_WARN_INT_CONVERSION = YES;
				CLANG_WARN_NON_LITERAL_NULL_CONVERSION = YES;
				CLANG_WARN_OBJC_IMPLICIT_RETAIN_SELF = YES;
				CLANG_WARN_OBJC_LITERAL_CONVERSION = YES;
				CLANG_WARN_OBJC_ROOT_CLASS = YES_ERROR;
				CLANG_WARN_QUOTED_INCLUDE_IN_FRAMEWORK_HEADER = YES;
				CLANG_WARN_RANGE_LOOP_ANALYSIS = YES;
				CLANG_WARN_STRICT_PROTOTYPES = YES;
				CLANG_WARN_SUSPICIOUS_MOVE = YES;
				CLANG_WARN_UNGUARDED_AVAILABILITY = YES_AGGRESSIVE;
				CLANG_WARN_UNREACHABLE_CODE = YES;
				CLANG_WARN__DUPLICATE_METHOD_MATCH = YES;
				COPY_PHASE_STRIP = NO;
				DEBUG_INFORMATION_FORMAT = "dwarf-with-dsym";
				ENABLE_NS_ASSERTIONS = NO;
				ENABLE_STRICT_OBJC_MSGSEND = YES;
				GCC_C_LANGUAGE_STANDARD = gnu11;
				GCC_NO_COMMON_BLOCKS = YES;
				GCC_WARN_64_TO_32_BIT_CONVERSION = YES;
				GCC_WARN_ABOUT_RETURN_TYPE = YES_ERROR;
				GCC_WARN_UNDECLARED_SELECTOR = YES;
				GCC_WARN_UNINITIALIZED_AUTOS = YES_AGGRESSIVE;
				GCC_WARN_UNUSED_FUNCTION = YES;
				GCC_WARN_UNUSED_VARIABLE = YES;
				IPHONEOS_DEPLOYMENT_TARGET = 16.2;
				MTL_ENABLE_DEBUG_INFO = NO;
				MTL_FAST_MATH = YES;
				SDKROOT = iphoneos;
				SWIFT_COMPILATION_MODE = wholemodule;
				SWIFT_OPTIMIZATION_LEVEL = "-O";
				VALIDATE_PRODUCT = YES;
			};
			name = Release;
		};
		9D0FAF4329AF3D6600B16381 /* Debug */ = {
			isa = XCBuildConfiguration;
			buildSettings = {
				ASSETCATALOG_COMPILER_APPICON_NAME = AppIcon;
				ASSETCATALOG_COMPILER_GLOBAL_ACCENT_COLOR_NAME = AccentColor;
				CODE_SIGN_STYLE = Automatic;
				CURRENT_PROJECT_VERSION = 1;
				GENERATE_INFOPLIST_FILE = YES;
				INFOPLIST_FILE = FirebaseForm/Info.plist;
				INFOPLIST_KEY_UIApplicationSupportsIndirectInputEvents = YES;
				INFOPLIST_KEY_UILaunchStoryboardName = LaunchScreen;
				INFOPLIST_KEY_UIMainStoryboardFile = Main;
				INFOPLIST_KEY_UISupportedInterfaceOrientations_iPad = "UIInterfaceOrientationPortrait UIInterfaceOrientationPortraitUpsideDown UIInterfaceOrientationLandscapeLeft UIInterfaceOrientationLandscapeRight";
				INFOPLIST_KEY_UISupportedInterfaceOrientations_iPhone = "UIInterfaceOrientationPortrait UIInterfaceOrientationLandscapeLeft UIInterfaceOrientationLandscapeRight";
				LD_RUNPATH_SEARCH_PATHS = (
					"$(inherited)",
					"@executable_path/Frameworks",
				);
				MARKETING_VERSION = 1.0;
				PRODUCT_BUNDLE_IDENTIFIER = com.github.Kaiscer.FirebaseForm;
				PRODUCT_NAME = "$(TARGET_NAME)";
				SWIFT_EMIT_LOC_STRINGS = YES;
				SWIFT_VERSION = 5.0;
				TARGETED_DEVICE_FAMILY = "1,2";
			};
			name = Debug;
		};
		9D0FAF4429AF3D6600B16381 /* Release */ = {
			isa = XCBuildConfiguration;
			buildSettings = {
				ASSETCATALOG_COMPILER_APPICON_NAME = AppIcon;
				ASSETCATALOG_COMPILER_GLOBAL_ACCENT_COLOR_NAME = AccentColor;
				CODE_SIGN_STYLE = Automatic;
				CURRENT_PROJECT_VERSION = 1;
				GENERATE_INFOPLIST_FILE = YES;
				INFOPLIST_FILE = FirebaseForm/Info.plist;
				INFOPLIST_KEY_UIApplicationSupportsIndirectInputEvents = YES;
				INFOPLIST_KEY_UILaunchStoryboardName = LaunchScreen;
				INFOPLIST_KEY_UIMainStoryboardFile = Main;
				INFOPLIST_KEY_UISupportedInterfaceOrientations_iPad = "UIInterfaceOrientationPortrait UIInterfaceOrientationPortraitUpsideDown UIInterfaceOrientationLandscapeLeft UIInterfaceOrientationLandscapeRight";
				INFOPLIST_KEY_UISupportedInterfaceOrientations_iPhone = "UIInterfaceOrientationPortrait UIInterfaceOrientationLandscapeLeft UIInterfaceOrientationLandscapeRight";
				LD_RUNPATH_SEARCH_PATHS = (
					"$(inherited)",
					"@executable_path/Frameworks",
				);
				MARKETING_VERSION = 1.0;
				PRODUCT_BUNDLE_IDENTIFIER = com.github.Kaiscer.FirebaseForm;
				PRODUCT_NAME = "$(TARGET_NAME)";
				SWIFT_EMIT_LOC_STRINGS = YES;
				SWIFT_VERSION = 5.0;
				TARGETED_DEVICE_FAMILY = "1,2";
			};
			name = Release;
		};
		9D0FAF4629AF3D6600B16381 /* Debug */ = {
			isa = XCBuildConfiguration;
			buildSettings = {
				ALWAYS_EMBED_SWIFT_STANDARD_LIBRARIES = YES;
				BUNDLE_LOADER = "$(TEST_HOST)";
				CODE_SIGN_STYLE = Automatic;
				CURRENT_PROJECT_VERSION = 1;
				GENERATE_INFOPLIST_FILE = YES;
				IPHONEOS_DEPLOYMENT_TARGET = 16.2;
				MARKETING_VERSION = 1.0;
				PRODUCT_BUNDLE_IDENTIFIER = com.github.Kaiscer.FirebaseFormTests;
				PRODUCT_NAME = "$(TARGET_NAME)";
				SWIFT_EMIT_LOC_STRINGS = NO;
				SWIFT_VERSION = 5.0;
				TARGETED_DEVICE_FAMILY = "1,2";
				TEST_HOST = "$(BUILT_PRODUCTS_DIR)/FirebaseForm.app/$(BUNDLE_EXECUTABLE_FOLDER_PATH)/FirebaseForm";
			};
			name = Debug;
		};
		9D0FAF4729AF3D6600B16381 /* Release */ = {
			isa = XCBuildConfiguration;
			buildSettings = {
				ALWAYS_EMBED_SWIFT_STANDARD_LIBRARIES = YES;
				BUNDLE_LOADER = "$(TEST_HOST)";
				CODE_SIGN_STYLE = Automatic;
				CURRENT_PROJECT_VERSION = 1;
				GENERATE_INFOPLIST_FILE = YES;
				IPHONEOS_DEPLOYMENT_TARGET = 16.2;
				MARKETING_VERSION = 1.0;
				PRODUCT_BUNDLE_IDENTIFIER = com.github.Kaiscer.FirebaseFormTests;
				PRODUCT_NAME = "$(TARGET_NAME)";
				SWIFT_EMIT_LOC_STRINGS = NO;
				SWIFT_VERSION = 5.0;
				TARGETED_DEVICE_FAMILY = "1,2";
				TEST_HOST = "$(BUILT_PRODUCTS_DIR)/FirebaseForm.app/$(BUNDLE_EXECUTABLE_FOLDER_PATH)/FirebaseForm";
			};
			name = Release;
		};
		9D0FAF4929AF3D6600B16381 /* Debug */ = {
			isa = XCBuildConfiguration;
			buildSettings = {
				ALWAYS_EMBED_SWIFT_STANDARD_LIBRARIES = YES;
				CODE_SIGN_STYLE = Automatic;
				CURRENT_PROJECT_VERSION = 1;
				GENERATE_INFOPLIST_FILE = YES;
				MARKETING_VERSION = 1.0;
				PRODUCT_BUNDLE_IDENTIFIER = com.github.Kaiscer.FirebaseFormUITests;
				PRODUCT_NAME = "$(TARGET_NAME)";
				SWIFT_EMIT_LOC_STRINGS = NO;
				SWIFT_VERSION = 5.0;
				TARGETED_DEVICE_FAMILY = "1,2";
				TEST_TARGET_NAME = FirebaseForm;
			};
			name = Debug;
		};
		9D0FAF4A29AF3D6600B16381 /* Release */ = {
			isa = XCBuildConfiguration;
			buildSettings = {
				ALWAYS_EMBED_SWIFT_STANDARD_LIBRARIES = YES;
				CODE_SIGN_STYLE = Automatic;
				CURRENT_PROJECT_VERSION = 1;
				GENERATE_INFOPLIST_FILE = YES;
				MARKETING_VERSION = 1.0;
				PRODUCT_BUNDLE_IDENTIFIER = com.github.Kaiscer.FirebaseFormUITests;
				PRODUCT_NAME = "$(TARGET_NAME)";
				SWIFT_EMIT_LOC_STRINGS = NO;
				SWIFT_VERSION = 5.0;
				TARGETED_DEVICE_FAMILY = "1,2";
				TEST_TARGET_NAME = FirebaseForm;
			};
			name = Release;
		};
/* End XCBuildConfiguration section */

/* Begin XCConfigurationList section */
		9D0FAF1329AF3D6300B16381 /* Build configuration list for PBXProject "FirebaseForm" */ = {
			isa = XCConfigurationList;
			buildConfigurations = (
				9D0FAF4029AF3D6600B16381 /* Debug */,
				9D0FAF4129AF3D6600B16381 /* Release */,
			);
			defaultConfigurationIsVisible = 0;
			defaultConfigurationName = Release;
		};
		9D0FAF4229AF3D6600B16381 /* Build configuration list for PBXNativeTarget "FirebaseForm" */ = {
			isa = XCConfigurationList;
			buildConfigurations = (
				9D0FAF4329AF3D6600B16381 /* Debug */,
				9D0FAF4429AF3D6600B16381 /* Release */,
			);
			defaultConfigurationIsVisible = 0;
			defaultConfigurationName = Release;
		};
		9D0FAF4529AF3D6600B16381 /* Build configuration list for PBXNativeTarget "FirebaseFormTests" */ = {
			isa = XCConfigurationList;
			buildConfigurations = (
				9D0FAF4629AF3D6600B16381 /* Debug */,
				9D0FAF4729AF3D6600B16381 /* Release */,
			);
			defaultConfigurationIsVisible = 0;
			defaultConfigurationName = Release;
		};
		9D0FAF4829AF3D6600B16381 /* Build configuration list for PBXNativeTarget "FirebaseFormUITests" */ = {
			isa = XCConfigurationList;
			buildConfigurations = (
				9D0FAF4929AF3D6600B16381 /* Debug */,
				9D0FAF4A29AF3D6600B16381 /* Release */,
			);
			defaultConfigurationIsVisible = 0;
			defaultConfigurationName = Release;
		};
/* End XCConfigurationList section */

/* Begin XCRemoteSwiftPackageReference section */
		9D0FAF4D29AF489600B16381 /* XCRemoteSwiftPackageReference "firebase-ios-sdk" */ = {
			isa = XCRemoteSwiftPackageReference;
			repositoryURL = "https://github.com/firebase/firebase-ios-sdk";
			requirement = {
				kind = upToNextMajorVersion;
				minimumVersion = 9.0.0;
			};
		};
/* End XCRemoteSwiftPackageReference section */

/* Begin XCSwiftPackageProductDependency section */
		9D0FAF4E29AF489600B16381 /* FirebaseFirestore */ = {
			isa = XCSwiftPackageProductDependency;
			package = 9D0FAF4D29AF489600B16381 /* XCRemoteSwiftPackageReference "firebase-ios-sdk" */;
			productName = FirebaseFirestore;
		};
/* End XCSwiftPackageProductDependency section */
	};
	rootObject = 9D0FAF1029AF3D6300B16381 /* Project object */;
}
